// !$*UTF8*$!
{
	archiveVersion = 1;
	classes = {
	};
	objectVersion = 56;
	objects = {

/* Begin PBXBuildFile section */
		C2E9E6A829DC017B00A991DC /* AppDelegate.swift in Sources */ = {isa = PBXBuildFile; fileRef = C2E9E6A729DC017B00A991DC /* AppDelegate.swift */; };
		C2E9E6AA29DC017B00A991DC /* SceneDelegate.swift in Sources */ = {isa = PBXBuildFile; fileRef = C2E9E6A929DC017B00A991DC /* SceneDelegate.swift */; };
		C2E9E6AC29DC017B00A991DC /* ViewController.swift in Sources */ = {isa = PBXBuildFile; fileRef = C2E9E6AB29DC017B00A991DC /* ViewController.swift */; };
		C2E9E6AF29DC017B00A991DC /* Main.storyboard in Resources */ = {isa = PBXBuildFile; fileRef = C2E9E6AD29DC017B00A991DC /* Main.storyboard */; };
		C2E9E6B129DC017C00A991DC /* Assets.xcassets in Resources */ = {isa = PBXBuildFile; fileRef = C2E9E6B029DC017C00A991DC /* Assets.xcassets */; };
		C2E9E6B429DC017C00A991DC /* LaunchScreen.storyboard in Resources */ = {isa = PBXBuildFile; fileRef = C2E9E6B229DC017C00A991DC /* LaunchScreen.storyboard */; };
		C2E9E6BF29DC017C00A991DC /* iOSEssentialDeveloperCourseTests.swift in Sources */ = {isa = PBXBuildFile; fileRef = C2E9E6BE29DC017C00A991DC /* iOSEssentialDeveloperCourseTests.swift */; };
		C2E9E6C929DC017C00A991DC /* iOSEssentialDeveloperCourseUITests.swift in Sources */ = {isa = PBXBuildFile; fileRef = C2E9E6C829DC017C00A991DC /* iOSEssentialDeveloperCourseUITests.swift */; };
		C2E9E6CB29DC017C00A991DC /* iOSEssentialDeveloperCourseUITestsLaunchTests.swift in Sources */ = {isa = PBXBuildFile; fileRef = C2E9E6CA29DC017C00A991DC /* iOSEssentialDeveloperCourseUITestsLaunchTests.swift */; };
/* End PBXBuildFile section */

/* Begin PBXContainerItemProxy section */
		C2E9E6BB29DC017C00A991DC /* PBXContainerItemProxy */ = {
			isa = PBXContainerItemProxy;
			containerPortal = C2E9E69C29DC017A00A991DC /* Project object */;
			proxyType = 1;
			remoteGlobalIDString = C2E9E6A329DC017A00A991DC;
			remoteInfo = iOSEssentialDeveloperCourse;
		};
		C2E9E6C529DC017C00A991DC /* PBXContainerItemProxy */ = {
			isa = PBXContainerItemProxy;
			containerPortal = C2E9E69C29DC017A00A991DC /* Project object */;
			proxyType = 1;
			remoteGlobalIDString = C2E9E6A329DC017A00A991DC;
			remoteInfo = iOSEssentialDeveloperCourse;
		};
/* End PBXContainerItemProxy section */

/* Begin PBXFileReference section */
		C2E9E6A429DC017B00A991DC /* iOSEssentialDeveloperCourse.app */ = {isa = PBXFileReference; explicitFileType = wrapper.application; includeInIndex = 0; path = iOSEssentialDeveloperCourse.app; sourceTree = BUILT_PRODUCTS_DIR; };
		C2E9E6A729DC017B00A991DC /* AppDelegate.swift */ = {isa = PBXFileReference; lastKnownFileType = sourcecode.swift; path = AppDelegate.swift; sourceTree = "<group>"; };
		C2E9E6A929DC017B00A991DC /* SceneDelegate.swift */ = {isa = PBXFileReference; lastKnownFileType = sourcecode.swift; path = SceneDelegate.swift; sourceTree = "<group>"; };
		C2E9E6AB29DC017B00A991DC /* ViewController.swift */ = {isa = PBXFileReference; lastKnownFileType = sourcecode.swift; path = ViewController.swift; sourceTree = "<group>"; };
		C2E9E6AE29DC017B00A991DC /* Base */ = {isa = PBXFileReference; lastKnownFileType = file.storyboard; name = Base; path = Base.lproj/Main.storyboard; sourceTree = "<group>"; };
		C2E9E6B029DC017C00A991DC /* Assets.xcassets */ = {isa = PBXFileReference; lastKnownFileType = folder.assetcatalog; path = Assets.xcassets; sourceTree = "<group>"; };
		C2E9E6B329DC017C00A991DC /* Base */ = {isa = PBXFileReference; lastKnownFileType = file.storyboard; name = Base; path = Base.lproj/LaunchScreen.storyboard; sourceTree = "<group>"; };
		C2E9E6B529DC017C00A991DC /* Info.plist */ = {isa = PBXFileReference; lastKnownFileType = text.plist.xml; path = Info.plist; sourceTree = "<group>"; };
		C2E9E6BA29DC017C00A991DC /* iOSEssentialDeveloperCourseTests.xctest */ = {isa = PBXFileReference; explicitFileType = wrapper.cfbundle; includeInIndex = 0; path = iOSEssentialDeveloperCourseTests.xctest; sourceTree = BUILT_PRODUCTS_DIR; };
		C2E9E6BE29DC017C00A991DC /* iOSEssentialDeveloperCourseTests.swift */ = {isa = PBXFileReference; lastKnownFileType = sourcecode.swift; path = iOSEssentialDeveloperCourseTests.swift; sourceTree = "<group>"; };
		C2E9E6C429DC017C00A991DC /* iOSEssentialDeveloperCourseUITests.xctest */ = {isa = PBXFileReference; explicitFileType = wrapper.cfbundle; includeInIndex = 0; path = iOSEssentialDeveloperCourseUITests.xctest; sourceTree = BUILT_PRODUCTS_DIR; };
		C2E9E6C829DC017C00A991DC /* iOSEssentialDeveloperCourseUITests.swift */ = {isa = PBXFileReference; lastKnownFileType = sourcecode.swift; path = iOSEssentialDeveloperCourseUITests.swift; sourceTree = "<group>"; };
		C2E9E6CA29DC017C00A991DC /* iOSEssentialDeveloperCourseUITestsLaunchTests.swift */ = {isa = PBXFileReference; lastKnownFileType = sourcecode.swift; path = iOSEssentialDeveloperCourseUITestsLaunchTests.swift; sourceTree = "<group>"; };
/* End PBXFileReference section */

/* Begin PBXFrameworksBuildPhase section */
		C2E9E6A129DC017A00A991DC /* Frameworks */ = {
			isa = PBXFrameworksBuildPhase;
			buildActionMask = 2147483647;
			files = (
			);
			runOnlyForDeploymentPostprocessing = 0;
		};
		C2E9E6B729DC017C00A991DC /* Frameworks */ = {
			isa = PBXFrameworksBuildPhase;
			buildActionMask = 2147483647;
			files = (
			);
			runOnlyForDeploymentPostprocessing = 0;
		};
		C2E9E6C129DC017C00A991DC /* Frameworks */ = {
			isa = PBXFrameworksBuildPhase;
			buildActionMask = 2147483647;
			files = (
			);
			runOnlyForDeploymentPostprocessing = 0;
		};
/* End PBXFrameworksBuildPhase section */

/* Begin PBXGroup section */
		C2E9E69B29DC017A00A991DC = {
			isa = PBXGroup;
			children = (
				C2E9E6A629DC017B00A991DC /* iOSEssentialDeveloperCourse */,
				C2E9E6BD29DC017C00A991DC /* iOSEssentialDeveloperCourseTests */,
				C2E9E6C729DC017C00A991DC /* iOSEssentialDeveloperCourseUITests */,
				C2E9E6A529DC017B00A991DC /* Products */,
			);
			sourceTree = "<group>";
		};
		C2E9E6A529DC017B00A991DC /* Products */ = {
			isa = PBXGroup;
			children = (
				C2E9E6A429DC017B00A991DC /* iOSEssentialDeveloperCourse.app */,
				C2E9E6BA29DC017C00A991DC /* iOSEssentialDeveloperCourseTests.xctest */,
				C2E9E6C429DC017C00A991DC /* iOSEssentialDeveloperCourseUITests.xctest */,
			);
			name = Products;
			sourceTree = "<group>";
		};
		C2E9E6A629DC017B00A991DC /* iOSEssentialDeveloperCourse */ = {
			isa = PBXGroup;
			children = (
				C2E9E6A729DC017B00A991DC /* AppDelegate.swift */,
				C2E9E6A929DC017B00A991DC /* SceneDelegate.swift */,
				C2E9E6AB29DC017B00A991DC /* ViewController.swift */,
				C2E9E6AD29DC017B00A991DC /* Main.storyboard */,
				C2E9E6B029DC017C00A991DC /* Assets.xcassets */,
				C2E9E6B229DC017C00A991DC /* LaunchScreen.storyboard */,
				C2E9E6B529DC017C00A991DC /* Info.plist */,
			);
			path = iOSEssentialDeveloperCourse;
			sourceTree = "<group>";
		};
		C2E9E6BD29DC017C00A991DC /* iOSEssentialDeveloperCourseTests */ = {
			isa = PBXGroup;
			children = (
				C2E9E6BE29DC017C00A991DC /* iOSEssentialDeveloperCourseTests.swift */,
			);
			path = iOSEssentialDeveloperCourseTests;
			sourceTree = "<group>";
		};
		C2E9E6C729DC017C00A991DC /* iOSEssentialDeveloperCourseUITests */ = {
			isa = PBXGroup;
			children = (
				C2E9E6C829DC017C00A991DC /* iOSEssentialDeveloperCourseUITests.swift */,
				C2E9E6CA29DC017C00A991DC /* iOSEssentialDeveloperCourseUITestsLaunchTests.swift */,
			);
			path = iOSEssentialDeveloperCourseUITests;
			sourceTree = "<group>";
		};
/* End PBXGroup section */

/* Begin PBXNativeTarget section */
		C2E9E6A329DC017A00A991DC /* iOSEssentialDeveloperCourse */ = {
			isa = PBXNativeTarget;
			buildConfigurationList = C2E9E6CE29DC017C00A991DC /* Build configuration list for PBXNativeTarget "iOSEssentialDeveloperCourse" */;
			buildPhases = (
				C2E9E6A029DC017A00A991DC /* Sources */,
				C2E9E6A129DC017A00A991DC /* Frameworks */,
				C2E9E6A229DC017A00A991DC /* Resources */,
			);
			buildRules = (
			);
			dependencies = (
			);
			name = iOSEssentialDeveloperCourse;
			productName = iOSEssentialDeveloperCourse;
			productReference = C2E9E6A429DC017B00A991DC /* iOSEssentialDeveloperCourse.app */;
			productType = "com.apple.product-type.application";
		};
		C2E9E6B929DC017C00A991DC /* iOSEssentialDeveloperCourseTests */ = {
			isa = PBXNativeTarget;
			buildConfigurationList = C2E9E6D129DC017C00A991DC /* Build configuration list for PBXNativeTarget "iOSEssentialDeveloperCourseTests" */;
			buildPhases = (
				C2E9E6B629DC017C00A991DC /* Sources */,
				C2E9E6B729DC017C00A991DC /* Frameworks */,
				C2E9E6B829DC017C00A991DC /* Resources */,
			);
			buildRules = (
			);
			dependencies = (
				C2E9E6BC29DC017C00A991DC /* PBXTargetDependency */,
			);
			name = iOSEssentialDeveloperCourseTests;
			productName = iOSEssentialDeveloperCourseTests;
			productReference = C2E9E6BA29DC017C00A991DC /* iOSEssentialDeveloperCourseTests.xctest */;
			productType = "com.apple.product-type.bundle.unit-test";
		};
		C2E9E6C329DC017C00A991DC /* iOSEssentialDeveloperCourseUITests */ = {
			isa = PBXNativeTarget;
			buildConfigurationList = C2E9E6D429DC017C00A991DC /* Build configuration list for PBXNativeTarget "iOSEssentialDeveloperCourseUITests" */;
			buildPhases = (
				C2E9E6C029DC017C00A991DC /* Sources */,
				C2E9E6C129DC017C00A991DC /* Frameworks */,
				C2E9E6C229DC017C00A991DC /* Resources */,
			);
			buildRules = (
			);
			dependencies = (
				C2E9E6C629DC017C00A991DC /* PBXTargetDependency */,
			);
			name = iOSEssentialDeveloperCourseUITests;
			productName = iOSEssentialDeveloperCourseUITests;
			productReference = C2E9E6C429DC017C00A991DC /* iOSEssentialDeveloperCourseUITests.xctest */;
			productType = "com.apple.product-type.bundle.ui-testing";
		};
/* End PBXNativeTarget section */

/* Begin PBXProject section */
		C2E9E69C29DC017A00A991DC /* Project object */ = {
			isa = PBXProject;
			attributes = {
				BuildIndependentTargetsInParallel = 1;
				LastSwiftUpdateCheck = 1420;
				LastUpgradeCheck = 1420;
				TargetAttributes = {
					C2E9E6A329DC017A00A991DC = {
						CreatedOnToolsVersion = 14.2;
					};
					C2E9E6B929DC017C00A991DC = {
						CreatedOnToolsVersion = 14.2;
						TestTargetID = C2E9E6A329DC017A00A991DC;
					};
					C2E9E6C329DC017C00A991DC = {
						CreatedOnToolsVersion = 14.2;
						TestTargetID = C2E9E6A329DC017A00A991DC;
					};
				};
			};
			buildConfigurationList = C2E9E69F29DC017A00A991DC /* Build configuration list for PBXProject "iOSEssentialDeveloperCourse" */;
			compatibilityVersion = "Xcode 14.0";
			developmentRegion = en;
			hasScannedForEncodings = 0;
			knownRegions = (
				en,
				Base,
			);
			mainGroup = C2E9E69B29DC017A00A991DC;
			productRefGroup = C2E9E6A529DC017B00A991DC /* Products */;
			projectDirPath = "";
			projectRoot = "";
			targets = (
				C2E9E6A329DC017A00A991DC /* iOSEssentialDeveloperCourse */,
				C2E9E6B929DC017C00A991DC /* iOSEssentialDeveloperCourseTests */,
				C2E9E6C329DC017C00A991DC /* iOSEssentialDeveloperCourseUITests */,
			);
		};
/* End PBXProject section */

/* Begin PBXResourcesBuildPhase section */
		C2E9E6A229DC017A00A991DC /* Resources */ = {
			isa = PBXResourcesBuildPhase;
			buildActionMask = 2147483647;
			files = (
				C2E9E6B429DC017C00A991DC /* LaunchScreen.storyboard in Resources */,
				C2E9E6B129DC017C00A991DC /* Assets.xcassets in Resources */,
				C2E9E6AF29DC017B00A991DC /* Main.storyboard in Resources */,
			);
			runOnlyForDeploymentPostprocessing = 0;
		};
		C2E9E6B829DC017C00A991DC /* Resources */ = {
			isa = PBXResourcesBuildPhase;
			buildActionMask = 2147483647;
			files = (
			);
			runOnlyForDeploymentPostprocessing = 0;
		};
		C2E9E6C229DC017C00A991DC /* Resources */ = {
			isa = PBXResourcesBuildPhase;
			buildActionMask = 2147483647;
			files = (
			);
			runOnlyForDeploymentPostprocessing = 0;
		};
/* End PBXResourcesBuildPhase section */

/* Begin PBXSourcesBuildPhase section */
		C2E9E6A029DC017A00A991DC /* Sources */ = {
			isa = PBXSourcesBuildPhase;
			buildActionMask = 2147483647;
			files = (
				C2E9E6AC29DC017B00A991DC /* ViewController.swift in Sources */,
				C2E9E6A829DC017B00A991DC /* AppDelegate.swift in Sources */,
				C2E9E6AA29DC017B00A991DC /* SceneDelegate.swift in Sources */,
			);
			runOnlyForDeploymentPostprocessing = 0;
		};
		C2E9E6B629DC017C00A991DC /* Sources */ = {
			isa = PBXSourcesBuildPhase;
			buildActionMask = 2147483647;
			files = (
				C2E9E6BF29DC017C00A991DC /* iOSEssentialDeveloperCourseTests.swift in Sources */,
			);
			runOnlyForDeploymentPostprocessing = 0;
		};
		C2E9E6C029DC017C00A991DC /* Sources */ = {
			isa = PBXSourcesBuildPhase;
			buildActionMask = 2147483647;
			files = (
				C2E9E6C929DC017C00A991DC /* iOSEssentialDeveloperCourseUITests.swift in Sources */,
				C2E9E6CB29DC017C00A991DC /* iOSEssentialDeveloperCourseUITestsLaunchTests.swift in Sources */,
			);
			runOnlyForDeploymentPostprocessing = 0;
		};
/* End PBXSourcesBuildPhase section */

/* Begin PBXTargetDependency section */
		C2E9E6BC29DC017C00A991DC /* PBXTargetDependency */ = {
			isa = PBXTargetDependency;
			target = C2E9E6A329DC017A00A991DC /* iOSEssentialDeveloperCourse */;
			targetProxy = C2E9E6BB29DC017C00A991DC /* PBXContainerItemProxy */;
		};
		C2E9E6C629DC017C00A991DC /* PBXTargetDependency */ = {
			isa = PBXTargetDependency;
			target = C2E9E6A329DC017A00A991DC /* iOSEssentialDeveloperCourse */;
			targetProxy = C2E9E6C529DC017C00A991DC /* PBXContainerItemProxy */;
		};
/* End PBXTargetDependency section */

/* Begin PBXVariantGroup section */
		C2E9E6AD29DC017B00A991DC /* Main.storyboard */ = {
			isa = PBXVariantGroup;
			children = (
				C2E9E6AE29DC017B00A991DC /* Base */,
			);
			name = Main.storyboard;
			sourceTree = "<group>";
		};
		C2E9E6B229DC017C00A991DC /* LaunchScreen.storyboard */ = {
			isa = PBXVariantGroup;
			children = (
				C2E9E6B329DC017C00A991DC /* Base */,
			);
			name = LaunchScreen.storyboard;
			sourceTree = "<group>";
		};
/* End PBXVariantGroup section */

/* Begin XCBuildConfiguration section */
		C2E9E6CC29DC017C00A991DC /* Debug */ = {
			isa = XCBuildConfiguration;
			buildSettings = {
				ALWAYS_SEARCH_USER_PATHS = NO;
				CLANG_ANALYZER_NONNULL = YES;
				CLANG_ANALYZER_NUMBER_OBJECT_CONVERSION = YES_AGGRESSIVE;
				CLANG_CXX_LANGUAGE_STANDARD = "gnu++20";
				CLANG_ENABLE_MODULES = YES;
				CLANG_ENABLE_OBJC_ARC = YES;
				CLANG_ENABLE_OBJC_WEAK = YES;
				CLANG_WARN_BLOCK_CAPTURE_AUTORELEASING = YES;
				CLANG_WARN_BOOL_CONVERSION = YES;
				CLANG_WARN_COMMA = YES;
				CLANG_WARN_CONSTANT_CONVERSION = YES;
				CLANG_WARN_DEPRECATED_OBJC_IMPLEMENTATIONS = YES;
				CLANG_WARN_DIRECT_OBJC_ISA_USAGE = YES_ERROR;
				CLANG_WARN_DOCUMENTATION_COMMENTS = YES;
				CLANG_WARN_EMPTY_BODY = YES;
				CLANG_WARN_ENUM_CONVERSION = YES;
				CLANG_WARN_INFINITE_RECURSION = YES;
				CLANG_WARN_INT_CONVERSION = YES;
				CLANG_WARN_NON_LITERAL_NULL_CONVERSION = YES;
				CLANG_WARN_OBJC_IMPLICIT_RETAIN_SELF = YES;
				CLANG_WARN_OBJC_LITERAL_CONVERSION = YES;
				CLANG_WARN_OBJC_ROOT_CLASS = YES_ERROR;
				CLANG_WARN_QUOTED_INCLUDE_IN_FRAMEWORK_HEADER = YES;
				CLANG_WARN_RANGE_LOOP_ANALYSIS = YES;
				CLANG_WARN_STRICT_PROTOTYPES = YES;
				CLANG_WARN_SUSPICIOUS_MOVE = YES;
				CLANG_WARN_UNGUARDED_AVAILABILITY = YES_AGGRESSIVE;
				CLANG_WARN_UNREACHABLE_CODE = YES;
				CLANG_WARN__DUPLICATE_METHOD_MATCH = YES;
				COPY_PHASE_STRIP = NO;
				DEBUG_INFORMATION_FORMAT = dwarf;
				ENABLE_STRICT_OBJC_MSGSEND = YES;
				ENABLE_TESTABILITY = YES;
				GCC_C_LANGUAGE_STANDARD = gnu11;
				GCC_DYNAMIC_NO_PIC = NO;
				GCC_NO_COMMON_BLOCKS = YES;
				GCC_OPTIMIZATION_LEVEL = 0;
				GCC_PREPROCESSOR_DEFINITIONS = (
					"DEBUG=1",
					"$(inherited)",
				);
				GCC_WARN_64_TO_32_BIT_CONVERSION = YES;
				GCC_WARN_ABOUT_RETURN_TYPE = YES_ERROR;
				GCC_WARN_UNDECLARED_SELECTOR = YES;
				GCC_WARN_UNINITIALIZED_AUTOS = YES_AGGRESSIVE;
				GCC_WARN_UNUSED_FUNCTION = YES;
				GCC_WARN_UNUSED_VARIABLE = YES;
				IPHONEOS_DEPLOYMENT_TARGET = 16.2;
				MTL_ENABLE_DEBUG_INFO = INCLUDE_SOURCE;
				MTL_FAST_MATH = YES;
				ONLY_ACTIVE_ARCH = YES;
				SDKROOT = iphoneos;
				SWIFT_ACTIVE_COMPILATION_CONDITIONS = DEBUG;
				SWIFT_OPTIMIZATION_LEVEL = "-Onone";
			};
			name = Debug;
		};
		C2E9E6CD29DC017C00A991DC /* Release */ = {
			isa = XCBuildConfiguration;
			buildSettings = {
				ALWAYS_SEARCH_USER_PATHS = NO;
				CLANG_ANALYZER_NONNULL = YES;
				CLANG_ANALYZER_NUMBER_OBJECT_CONVERSION = YES_AGGRESSIVE;
				CLANG_CXX_LANGUAGE_STANDARD = "gnu++20";
				CLANG_ENABLE_MODULES = YES;
				CLANG_ENABLE_OBJC_ARC = YES;
				CLANG_ENABLE_OBJC_WEAK = YES;
				CLANG_WARN_BLOCK_CAPTURE_AUTORELEASING = YES;
				CLANG_WARN_BOOL_CONVERSION = YES;
				CLANG_WARN_COMMA = YES;
				CLANG_WARN_CONSTANT_CONVERSION = YES;
				CLANG_WARN_DEPRECATED_OBJC_IMPLEMENTATIONS = YES;
				CLANG_WARN_DIRECT_OBJC_ISA_USAGE = YES_ERROR;
				CLANG_WARN_DOCUMENTATION_COMMENTS = YES;
				CLANG_WARN_EMPTY_BODY = YES;
				CLANG_WARN_ENUM_CONVERSION = YES;
				CLANG_WARN_INFINITE_RECURSION = YES;
				CLANG_WARN_INT_CONVERSION = YES;
				CLANG_WARN_NON_LITERAL_NULL_CONVERSION = YES;
				CLANG_WARN_OBJC_IMPLICIT_RETAIN_SELF = YES;
				CLANG_WARN_OBJC_LITERAL_CONVERSION = YES;
				CLANG_WARN_OBJC_ROOT_CLASS = YES_ERROR;
				CLANG_WARN_QUOTED_INCLUDE_IN_FRAMEWORK_HEADER = YES;
				CLANG_WARN_RANGE_LOOP_ANALYSIS = YES;
				CLANG_WARN_STRICT_PROTOTYPES = YES;
				CLANG_WARN_SUSPICIOUS_MOVE = YES;
				CLANG_WARN_UNGUARDED_AVAILABILITY = YES_AGGRESSIVE;
				CLANG_WARN_UNREACHABLE_CODE = YES;
				CLANG_WARN__DUPLICATE_METHOD_MATCH = YES;
				COPY_PHASE_STRIP = NO;
				DEBUG_INFORMATION_FORMAT = "dwarf-with-dsym";
				ENABLE_NS_ASSERTIONS = NO;
				ENABLE_STRICT_OBJC_MSGSEND = YES;
				GCC_C_LANGUAGE_STANDARD = gnu11;
				GCC_NO_COMMON_BLOCKS = YES;
				GCC_WARN_64_TO_32_BIT_CONVERSION = YES;
				GCC_WARN_ABOUT_RETURN_TYPE = YES_ERROR;
				GCC_WARN_UNDECLARED_SELECTOR = YES;
				GCC_WARN_UNINITIALIZED_AUTOS = YES_AGGRESSIVE;
				GCC_WARN_UNUSED_FUNCTION = YES;
				GCC_WARN_UNUSED_VARIABLE = YES;
				IPHONEOS_DEPLOYMENT_TARGET = 16.2;
				MTL_ENABLE_DEBUG_INFO = NO;
				MTL_FAST_MATH = YES;
				SDKROOT = iphoneos;
				SWIFT_COMPILATION_MODE = wholemodule;
				SWIFT_OPTIMIZATION_LEVEL = "-O";
				VALIDATE_PRODUCT = YES;
			};
			name = Release;
		};
		C2E9E6CF29DC017C00A991DC /* Debug */ = {
			isa = XCBuildConfiguration;
			buildSettings = {
				ASSETCATALOG_COMPILER_APPICON_NAME = AppIcon;
				ASSETCATALOG_COMPILER_GLOBAL_ACCENT_COLOR_NAME = AccentColor;
				CODE_SIGN_STYLE = Automatic;
				CURRENT_PROJECT_VERSION = 1;
				GENERATE_INFOPLIST_FILE = YES;
				INFOPLIST_FILE = iOSEssentialDeveloperCourse/Info.plist;
				INFOPLIST_KEY_UIApplicationSupportsIndirectInputEvents = YES;
				INFOPLIST_KEY_UILaunchStoryboardName = LaunchScreen;
				INFOPLIST_KEY_UIMainStoryboardFile = Main;
				INFOPLIST_KEY_UISupportedInterfaceOrientations_iPad = "UIInterfaceOrientationPortrait UIInterfaceOrientationPortraitUpsideDown UIInterfaceOrientationLandscapeLeft UIInterfaceOrientationLandscapeRight";
				INFOPLIST_KEY_UISupportedInterfaceOrientations_iPhone = "UIInterfaceOrientationPortrait UIInterfaceOrientationLandscapeLeft UIInterfaceOrientationLandscapeRight";
				LD_RUNPATH_SEARCH_PATHS = (
					"$(inherited)",
					"@executable_path/Frameworks",
				);
				MARKETING_VERSION = 1.0;
				PRODUCT_BUNDLE_IDENTIFIER = rahul.com.iOSEssentialDeveloperCourse;
				PRODUCT_NAME = "$(TARGET_NAME)";
				SWIFT_EMIT_LOC_STRINGS = YES;
				SWIFT_VERSION = 5.0;
				TARGETED_DEVICE_FAMILY = "1,2";
			};
			name = Debug;
		};
		C2E9E6D029DC017C00A991DC /* Release */ = {
			isa = XCBuildConfiguration;
			buildSettings = {
				ASSETCATALOG_COMPILER_APPICON_NAME = AppIcon;
				ASSETCATALOG_COMPILER_GLOBAL_ACCENT_COLOR_NAME = AccentColor;
				CODE_SIGN_STYLE = Automatic;
				CURRENT_PROJECT_VERSION = 1;
				GENERATE_INFOPLIST_FILE = YES;
				INFOPLIST_FILE = iOSEssentialDeveloperCourse/Info.plist;
				INFOPLIST_KEY_UIApplicationSupportsIndirectInputEvents = YES;
				INFOPLIST_KEY_UILaunchStoryboardName = LaunchScreen;
				INFOPLIST_KEY_UIMainStoryboardFile = Main;
				INFOPLIST_KEY_UISupportedInterfaceOrientations_iPad = "UIInterfaceOrientationPortrait UIInterfaceOrientationPortraitUpsideDown UIInterfaceOrientationLandscapeLeft UIInterfaceOrientationLandscapeRight";
				INFOPLIST_KEY_UISupportedInterfaceOrientations_iPhone = "UIInterfaceOrientationPortrait UIInterfaceOrientationLandscapeLeft UIInterfaceOrientationLandscapeRight";
				LD_RUNPATH_SEARCH_PATHS = (
					"$(inherited)",
					"@executable_path/Frameworks",
				);
				MARKETING_VERSION = 1.0;
				PRODUCT_BUNDLE_IDENTIFIER = rahul.com.iOSEssentialDeveloperCourse;
				PRODUCT_NAME = "$(TARGET_NAME)";
				SWIFT_EMIT_LOC_STRINGS = YES;
				SWIFT_VERSION = 5.0;
				TARGETED_DEVICE_FAMILY = "1,2";
			};
			name = Release;
		};
		C2E9E6D229DC017C00A991DC /* Debug */ = {
			isa = XCBuildConfiguration;
			buildSettings = {
				ALWAYS_EMBED_SWIFT_STANDARD_LIBRARIES = YES;
				BUNDLE_LOADER = "$(TEST_HOST)";
				CODE_SIGN_STYLE = Automatic;
				CURRENT_PROJECT_VERSION = 1;
				GENERATE_INFOPLIST_FILE = YES;
				IPHONEOS_DEPLOYMENT_TARGET = 16.2;
				MARKETING_VERSION = 1.0;
				PRODUCT_BUNDLE_IDENTIFIER = rahul.com.iOSEssentialDeveloperCourseTests;
				PRODUCT_NAME = "$(TARGET_NAME)";
				SWIFT_EMIT_LOC_STRINGS = NO;
				SWIFT_VERSION = 5.0;
				TARGETED_DEVICE_FAMILY = "1,2";
				TEST_HOST = "$(BUILT_PRODUCTS_DIR)/iOSEssentialDeveloperCourse.app/$(BUNDLE_EXECUTABLE_FOLDER_PATH)/iOSEssentialDeveloperCourse";
			};
			name = Debug;
		};
		C2E9E6D329DC017C00A991DC /* Release */ = {
			isa = XCBuildConfiguration;
			buildSettings = {
				ALWAYS_EMBED_SWIFT_STANDARD_LIBRARIES = YES;
				BUNDLE_LOADER = "$(TEST_HOST)";
				CODE_SIGN_STYLE = Automatic;
				CURRENT_PROJECT_VERSION = 1;
				GENERATE_INFOPLIST_FILE = YES;
				IPHONEOS_DEPLOYMENT_TARGET = 16.2;
				MARKETING_VERSION = 1.0;
				PRODUCT_BUNDLE_IDENTIFIER = rahul.com.iOSEssentialDeveloperCourseTests;
				PRODUCT_NAME = "$(TARGET_NAME)";
				SWIFT_EMIT_LOC_STRINGS = NO;
				SWIFT_VERSION = 5.0;
				TARGETED_DEVICE_FAMILY = "1,2";
				TEST_HOST = "$(BUILT_PRODUCTS_DIR)/iOSEssentialDeveloperCourse.app/$(BUNDLE_EXECUTABLE_FOLDER_PATH)/iOSEssentialDeveloperCourse";
			};
			name = Release;
		};
		C2E9E6D529DC017C00A991DC /* Debug */ = {
			isa = XCBuildConfiguration;
			buildSettings = {
				ALWAYS_EMBED_SWIFT_STANDARD_LIBRARIES = YES;
				CODE_SIGN_STYLE = Automatic;
				CURRENT_PROJECT_VERSION = 1;
				GENERATE_INFOPLIST_FILE = YES;
				MARKETING_VERSION = 1.0;
				PRODUCT_BUNDLE_IDENTIFIER = rahul.com.iOSEssentialDeveloperCourseUITests;
				PRODUCT_NAME = "$(TARGET_NAME)";
				SWIFT_EMIT_LOC_STRINGS = NO;
				SWIFT_VERSION = 5.0;
				TARGETED_DEVICE_FAMILY = "1,2";
				TEST_TARGET_NAME = iOSEssentialDeveloperCourse;
			};
			name = Debug;
		};
		C2E9E6D629DC017C00A991DC /* Release */ = {
			isa = XCBuildConfiguration;
			buildSettings = {
				ALWAYS_EMBED_SWIFT_STANDARD_LIBRARIES = YES;
				CODE_SIGN_STYLE = Automatic;
				CURRENT_PROJECT_VERSION = 1;
				GENERATE_INFOPLIST_FILE = YES;
				MARKETING_VERSION = 1.0;
				PRODUCT_BUNDLE_IDENTIFIER = rahul.com.iOSEssentialDeveloperCourseUITests;
				PRODUCT_NAME = "$(TARGET_NAME)";
				SWIFT_EMIT_LOC_STRINGS = NO;
				SWIFT_VERSION = 5.0;
				TARGETED_DEVICE_FAMILY = "1,2";
				TEST_TARGET_NAME = iOSEssentialDeveloperCourse;
			};
			name = Release;
		};
/* End XCBuildConfiguration section */

/* Begin XCConfigurationList section */
		C2E9E69F29DC017A00A991DC /* Build configuration list for PBXProject "iOSEssentialDeveloperCourse" */ = {
			isa = XCConfigurationList;
			buildConfigurations = (
				C2E9E6CC29DC017C00A991DC /* Debug */,
				C2E9E6CD29DC017C00A991DC /* Release */,
			);
			defaultConfigurationIsVisible = 0;
			defaultConfigurationName = Release;
		};
		C2E9E6CE29DC017C00A991DC /* Build configuration list for PBXNativeTarget "iOSEssentialDeveloperCourse" */ = {
			isa = XCConfigurationList;
			buildConfigurations = (
				C2E9E6CF29DC017C00A991DC /* Debug */,
				C2E9E6D029DC017C00A991DC /* Release */,
			);
			defaultConfigurationIsVisible = 0;
			defaultConfigurationName = Release;
		};
		C2E9E6D129DC017C00A991DC /* Build configuration list for PBXNativeTarget "iOSEssentialDeveloperCourseTests" */ = {
			isa = XCConfigurationList;
			buildConfigurations = (
				C2E9E6D229DC017C00A991DC /* Debug */,
				C2E9E6D329DC017C00A991DC /* Release */,
			);
			defaultConfigurationIsVisible = 0;
			defaultConfigurationName = Release;
		};
		C2E9E6D429DC017C00A991DC /* Build configuration list for PBXNativeTarget "iOSEssentialDeveloperCourseUITests" */ = {
			isa = XCConfigurationList;
			buildConfigurations = (
				C2E9E6D529DC017C00A991DC /* Debug */,
				C2E9E6D629DC017C00A991DC /* Release */,
			);
			defaultConfigurationIsVisible = 0;
			defaultConfigurationName = Release;
		};
/* End XCConfigurationList section */
	};
	rootObject = C2E9E69C29DC017A00A991DC /* Project object */;
}
